#
# This file is autogenerated by pip-compile with Python 3.12
# by the following command:
#
#    pip-compile --cert=None --client-cert=None --index-url=None --no-emit-index-url --no-emit-trusted-host --no-index --output-file=requirements-ci.lock --pip-args=None --strip-extras requirements-automation.in
#
agate==1.9.1
    # via
    #   dbt-adapters
    #   dbt-common
    #   dbt-core
    #   dbt-postgres
annotated-types==0.8.0
    # via pydantic
anyio==4.15.1
    # via httpx
attrs==26.1.0
    # via
    #   jsonschema
    #   referencing
babel==2.18.0
    # via agate
certifi==2026.7.22
    # via
    #   httpcore
    #   httpx
    #   requests
charset-normalizer==3.5.2
    # via requests
click==8.5.0
    # via
    #   dbt-core
    #   dbt-semantic-interfaces
colorama==0.4.6
    # via dbt-common
coverage==7.16.2
    # via pytest-cov
daff==1.4.2
    # via dbt-core
dbt-adapters==1.24.5
    # via
    #   dbt-core
    #   dbt-postgres
dbt-common==1.39.0
    # via
    #   dbt-adapters
    #   dbt-core
    #   dbt-postgres
dbt-core==1.10.15
    # via
    #   -r requirements-automation.in
    #   dbt-postgres
dbt-extractor==0.6.0
    # via dbt-core
dbt-postgres==1.9.1
    # via -r requirements-automation.in
dbt-protos==1.0.565
    # via
    #   dbt-adapters
    #   dbt-common
    #   dbt-core
dbt-semantic-interfaces==0.9.0
    # via dbt-core
deepdiff==8.6.2
    # via dbt-common
h11==0.16.0
    # via httpcore
httpcore==1.0.9
    # via httpx
httpx==0.28.1
    # via
    #   -r requirements-automation.in
    #   respx
idna==3.20
    # via
    #   anyio
    #   httpx
    #   requests
importlib-metadata==8.9.0
    # via dbt-semantic-interfaces
iniconfig==2.3.0
    # via pytest
isodate==0.7.2
    # via
    #   agate
    #   dbt-common
jinja2==3.1.6
    # via
    #   dbt-common
    #   dbt-core
    #   dbt-semantic-interfaces
jsonschema==4.26.0
    # via
    #   dbt-common
    #   dbt-core
    #   dbt-semantic-interfaces
jsonschema-specifications==2025.9.1
    # via jsonschema
leather==0.4.1
    # via agate
markupsafe==3.0.3
    # via jinja2
mashumaro==3.14
    # via
    #   dbt-adapters
    #   dbt-common
    #   dbt-core
more-itertools==10.8.0
    # via dbt-semantic-interfaces
msgpack==1.2.3
    # via mashumaro
networkx==3.7
    # via dbt-core
opentelemetry-api==1.45.0
    # via dbt-common
orderly-set==5.5.0
    # via deepdiff
packaging==26.3
    # via
    #   dbt-core
    #   pytest
parsedatetime==2.6
    # via agate
pathspec==0.12.1
    # via
    #   dbt-common
    #   dbt-core
pluggy==1.6.0
    # via
    #   pytest
    #   pytest-cov
protobuf==6.33.6
    # via
    #   dbt-adapters
    #   dbt-common
    #   dbt-core
    #   dbt-protos
psycopg==3.3.6
    # via -r requirements-automation.in
psycopg-binary==3.3.6
    # via psycopg
psycopg-pool==3.3.3
    # via psycopg
psycopg2-binary==2.9.13
    # via dbt-postgres
pydantic==2.13.5
    # via
    #   -r requirements-automation.in
    #   dbt-core
    #   dbt-semantic-interfaces
    #   pydantic-settings
pydantic-core==2.46.5
    # via pydantic
pydantic-settings==2.15.0
    # via -r requirements-automation.in
pytest==8.3.5
    # via
    #   -r requirements-automation.in
    #   pytest-cov
pytest-cov==6.3.0
    # via -r requirements-automation.in
python-dateutil==2.9.0.post0
    # via
    #   dbt-common
    #   dbt-semantic-interfaces
python-dotenv==1.2.4
    # via
    #   -r requirements-automation.in
    #   pydantic-settings
python-slugify==9.1.2
    # via agate
pytimeparse==1.1.8
    # via agate
pytz==2026.4
    # via
    #   dbt-adapters
    #   dbt-core
pyyaml==6.0.3
    # via
    #   -r requirements-automation.in
    #   dbt-core
    #   dbt-semantic-interfaces
referencing==0.37.0
    # via
    #   jsonschema
    #   jsonschema-specifications
requests==2.34.2
    # via
    #   dbt-common
    #   dbt-core
    #   snowplow-tracker
respx==0.23.1
    # via -r requirements-automation.in
rpds-py==2026.6.3
    # via
    #   jsonschema
    #   referencing
ruff==0.11.13
    # via -r requirements-automation.in
six==1.17.0
    # via python-dateutil
snowplow-tracker==1.1.0
    # via dbt-core
sqlparse==0.5.5
    # via dbt-core
tenacity==9.1.4
    # via -r requirements-automation.in
text-unidecode==1.3
    # via python-slugify
typing-extensions==4.16.0
    # via
    #   anyio
    #   dbt-adapters
    #   dbt-common
    #   dbt-core
    #   dbt-semantic-interfaces
    #   mashumaro
    #   opentelemetry-api
    #   psycopg
    #   psycopg-pool
    #   pydantic
    #   pydantic-core
    #   referencing
    #   snowplow-tracker
    #   typing-inspection
typing-inspection==0.4.4
    # via
    #   pydantic
    #   pydantic-settings
urllib3==2.8.0
    # via requests
zipp==4.1.0
    # via importlib-metadata
